// !$*UTF8*$!
{
	archiveVersion = 1;
	classes = {
	};
	objectVersion = 52;
	objects = {

/* Begin PBXBuildFile section */
		267D2A0926B25AFE00923238 /* MoviesRepository.swift in Sources */ = {isa = PBXBuildFile; fileRef = 267D2A0826B25AFE00923238 /* MoviesRepository.swift */; };
		267D2A0C26B25C3600923238 /* HomeUseCase.swift in Sources */ = {isa = PBXBuildFile; fileRef = 267D2A0B26B25C3600923238 /* HomeUseCase.swift */; };
		267D2A0F26B25D4700923238 /* HomeViewModel.swift in Sources */ = {isa = PBXBuildFile; fileRef = 267D2A0E26B25D4700923238 /* HomeViewModel.swift */; };
		267D2A1A26B2F65700923238 /* UIImageView+Extension.swift in Sources */ = {isa = PBXBuildFile; fileRef = 267D2A1926B2F65700923238 /* UIImageView+Extension.swift */; };
		267D2A2B26B3894100923238 /* HomeViewController.swift in Sources */ = {isa = PBXBuildFile; fileRef = 267D2A2926B3894100923238 /* HomeViewController.swift */; };
		267D2A2C26B3894100923238 /* HomeViewController.xib in Resources */ = {isa = PBXBuildFile; fileRef = 267D2A2A26B3894100923238 /* HomeViewController.xib */; };
		267D2A3526B38CF800923238 /* HomeTableViewCell.swift in Sources */ = {isa = PBXBuildFile; fileRef = 267D2A3326B38CF800923238 /* HomeTableViewCell.swift */; };
		267D2A3626B38CF800923238 /* HomeTableViewCell.xib in Resources */ = {isa = PBXBuildFile; fileRef = 267D2A3426B38CF800923238 /* HomeTableViewCell.xib */; };
		267D2A3C26B3917F00923238 /* HomeCollectionViewCell.swift in Sources */ = {isa = PBXBuildFile; fileRef = 267D2A3A26B3917F00923238 /* HomeCollectionViewCell.swift */; };
		267D2A3D26B3917F00923238 /* HomeCollectionViewCell.xib in Resources */ = {isa = PBXBuildFile; fileRef = 267D2A3B26B3917F00923238 /* HomeCollectionViewCell.xib */; };
		267D2A6D26B3AE5000923238 /* RxDataSources in Frameworks */ = {isa = PBXBuildFile; productRef = 267D2A6C26B3AE5000923238 /* RxDataSources */; };
		267D2A7126B3E79800923238 /* Constants.swift in Sources */ = {isa = PBXBuildFile; fileRef = 267D2A7026B3E79800923238 /* Constants.swift */; };
		267D2A7526B400FD00923238 /* MovieSectionModel.swift in Sources */ = {isa = PBXBuildFile; fileRef = 267D2A7426B400FD00923238 /* MovieSectionModel.swift */; };
		26866FE726B5277A00DAC483 /* MovieDetailViewController.swift in Sources */ = {isa = PBXBuildFile; fileRef = 26866FE526B5277A00DAC483 /* MovieDetailViewController.swift */; };
		26866FE826B5277A00DAC483 /* MovieDetailViewController.xib in Resources */ = {isa = PBXBuildFile; fileRef = 26866FE626B5277A00DAC483 /* MovieDetailViewController.xib */; };
		26866FEB26B5285700DAC483 /* UINavigationController+Extension.swift in Sources */ = {isa = PBXBuildFile; fileRef = 26866FEA26B5285700DAC483 /* UINavigationController+Extension.swift */; };
		2686705F26B78F0100DAC483 /* HomeNavigator.swift in Sources */ = {isa = PBXBuildFile; fileRef = 2686705E26B78F0100DAC483 /* HomeNavigator.swift */; };
		26867C2726B1059900C69231 /* AppDelegate.swift in Sources */ = {isa = PBXBuildFile; fileRef = 26867C2626B1059900C69231 /* AppDelegate.swift */; };
		26867C2926B1059900C69231 /* SceneDelegate.swift in Sources */ = {isa = PBXBuildFile; fileRef = 26867C2826B1059900C69231 /* SceneDelegate.swift */; };
		26867C3026B105A500C69231 /* Assets.xcassets in Resources */ = {isa = PBXBuildFile; fileRef = 26867C2F26B105A500C69231 /* Assets.xcassets */; };
		26867C3326B105A500C69231 /* LaunchScreen.storyboard in Resources */ = {isa = PBXBuildFile; fileRef = 26867C3126B105A500C69231 /* LaunchScreen.storyboard */; };
		26867C6026B10F5A00C69231 /* SearchViewController.swift in Sources */ = {isa = PBXBuildFile; fileRef = 26867C5F26B10F5A00C69231 /* SearchViewController.swift */; };
		26867C6326B1101100C69231 /* FavoritesViewController.swift in Sources */ = {isa = PBXBuildFile; fileRef = 26867C6226B1101100C69231 /* FavoritesViewController.swift */; };
		26867C7326B13ED100C69231 /* TabBarController.swift in Sources */ = {isa = PBXBuildFile; fileRef = 26867C7226B13ED100C69231 /* TabBarController.swift */; };
		26867C8926B15BC100C69231 /* Movie.swift in Sources */ = {isa = PBXBuildFile; fileRef = 26867C8826B15BC100C69231 /* Movie.swift */; };
		26867C9026B15C1C00C69231 /* MovieURLs.swift in Sources */ = {isa = PBXBuildFile; fileRef = 26867C8F26B15C1C00C69231 /* MovieURLs.swift */; };
		26867C9426B15C3F00C69231 /* APIService.swift in Sources */ = {isa = PBXBuildFile; fileRef = 26867C9326B15C3F00C69231 /* APIService.swift */; };
		26867C9826B16FC700C69231 /* Keys.plist in Resources */ = {isa = PBXBuildFile; fileRef = 26867C9726B16FC700C69231 /* Keys.plist */; };
		26867C9D26B171BB00C69231 /* APIService+GetMovieByCategory.swift in Sources */ = {isa = PBXBuildFile; fileRef = 26867C9C26B171BB00C69231 /* APIService+GetMovieByCategory.swift */; };
		D91858F988AA1C4018FBB64C /* Pods_MovieDBApp.framework in Frameworks */ = {isa = PBXBuildFile; fileRef = 0439BC207CCAA3D7222B5DFD /* Pods_MovieDBApp.framework */; };
/* End PBXBuildFile section */

/* Begin PBXFileReference section */
		0439BC207CCAA3D7222B5DFD /* Pods_MovieDBApp.framework */ = {isa = PBXFileReference; explicitFileType = wrapper.framework; includeInIndex = 0; path = Pods_MovieDBApp.framework; sourceTree = BUILT_PRODUCTS_DIR; };
		1EDC53EE300F721F6AEEF081 /* Pods-MovieDBApp.debug.xcconfig */ = {isa = PBXFileReference; includeInIndex = 1; lastKnownFileType = text.xcconfig; name = "Pods-MovieDBApp.debug.xcconfig"; path = "Target Support Files/Pods-MovieDBApp/Pods-MovieDBApp.debug.xcconfig"; sourceTree = "<group>"; };
		267D2A0826B25AFE00923238 /* MoviesRepository.swift */ = {isa = PBXFileReference; lastKnownFileType = sourcecode.swift; path = MoviesRepository.swift; sourceTree = "<group>"; };
		267D2A0B26B25C3600923238 /* HomeUseCase.swift */ = {isa = PBXFileReference; lastKnownFileType = sourcecode.swift; path = HomeUseCase.swift; sourceTree = "<group>"; };
		267D2A0E26B25D4700923238 /* HomeViewModel.swift */ = {isa = PBXFileReference; lastKnownFileType = sourcecode.swift; path = HomeViewModel.swift; sourceTree = "<group>"; };
		267D2A1926B2F65700923238 /* UIImageView+Extension.swift */ = {isa = PBXFileReference; lastKnownFileType = sourcecode.swift; path = "UIImageView+Extension.swift"; sourceTree = "<group>"; };
		267D2A2926B3894100923238 /* HomeViewController.swift */ = {isa = PBXFileReference; lastKnownFileType = sourcecode.swift; path = HomeViewController.swift; sourceTree = "<group>"; };
		267D2A2A26B3894100923238 /* HomeViewController.xib */ = {isa = PBXFileReference; lastKnownFileType = file.xib; path = HomeViewController.xib; sourceTree = "<group>"; };
		267D2A3326B38CF800923238 /* HomeTableViewCell.swift */ = {isa = PBXFileReference; lastKnownFileType = sourcecode.swift; path = HomeTableViewCell.swift; sourceTree = "<group>"; };
		267D2A3426B38CF800923238 /* HomeTableViewCell.xib */ = {isa = PBXFileReference; lastKnownFileType = file.xib; path = HomeTableViewCell.xib; sourceTree = "<group>"; };
		267D2A3A26B3917F00923238 /* HomeCollectionViewCell.swift */ = {isa = PBXFileReference; lastKnownFileType = sourcecode.swift; path = HomeCollectionViewCell.swift; sourceTree = "<group>"; };
		267D2A3B26B3917F00923238 /* HomeCollectionViewCell.xib */ = {isa = PBXFileReference; lastKnownFileType = file.xib; path = HomeCollectionViewCell.xib; sourceTree = "<group>"; };
		267D2A7026B3E79800923238 /* Constants.swift */ = {isa = PBXFileReference; lastKnownFileType = sourcecode.swift; path = Constants.swift; sourceTree = "<group>"; };
		267D2A7426B400FD00923238 /* MovieSectionModel.swift */ = {isa = PBXFileReference; lastKnownFileType = sourcecode.swift; path = MovieSectionModel.swift; sourceTree = "<group>"; };
		26866FE526B5277A00DAC483 /* MovieDetailViewController.swift */ = {isa = PBXFileReference; lastKnownFileType = sourcecode.swift; path = MovieDetailViewController.swift; sourceTree = "<group>"; };
		26866FE626B5277A00DAC483 /* MovieDetailViewController.xib */ = {isa = PBXFileReference; lastKnownFileType = file.xib; path = MovieDetailViewController.xib; sourceTree = "<group>"; };
		26866FEA26B5285700DAC483 /* UINavigationController+Extension.swift */ = {isa = PBXFileReference; lastKnownFileType = sourcecode.swift; path = "UINavigationController+Extension.swift"; sourceTree = "<group>"; };
		2686705E26B78F0100DAC483 /* HomeNavigator.swift */ = {isa = PBXFileReference; lastKnownFileType = sourcecode.swift; path = HomeNavigator.swift; sourceTree = "<group>"; };
		26867C2326B1059900C69231 /* MovieDBApp.app */ = {isa = PBXFileReference; explicitFileType = wrapper.application; includeInIndex = 0; path = MovieDBApp.app; sourceTree = BUILT_PRODUCTS_DIR; };
		26867C2626B1059900C69231 /* AppDelegate.swift */ = {isa = PBXFileReference; lastKnownFileType = sourcecode.swift; path = AppDelegate.swift; sourceTree = "<group>"; };
		26867C2826B1059900C69231 /* SceneDelegate.swift */ = {isa = PBXFileReference; lastKnownFileType = sourcecode.swift; path = SceneDelegate.swift; sourceTree = "<group>"; };
		26867C2F26B105A500C69231 /* Assets.xcassets */ = {isa = PBXFileReference; lastKnownFileType = folder.assetcatalog; path = Assets.xcassets; sourceTree = "<group>"; };
		26867C3226B105A500C69231 /* Base */ = {isa = PBXFileReference; lastKnownFileType = file.storyboard; name = Base; path = Base.lproj/LaunchScreen.storyboard; sourceTree = "<group>"; };
		26867C3426B105A500C69231 /* Info.plist */ = {isa = PBXFileReference; lastKnownFileType = text.plist.xml; path = Info.plist; sourceTree = "<group>"; };
		26867C5F26B10F5A00C69231 /* SearchViewController.swift */ = {isa = PBXFileReference; lastKnownFileType = sourcecode.swift; path = SearchViewController.swift; sourceTree = "<group>"; };
		26867C6226B1101100C69231 /* FavoritesViewController.swift */ = {isa = PBXFileReference; lastKnownFileType = sourcecode.swift; path = FavoritesViewController.swift; sourceTree = "<group>"; };
		26867C7226B13ED100C69231 /* TabBarController.swift */ = {isa = PBXFileReference; lastKnownFileType = sourcecode.swift; path = TabBarController.swift; sourceTree = "<group>"; };
		26867C8826B15BC100C69231 /* Movie.swift */ = {isa = PBXFileReference; lastKnownFileType = sourcecode.swift; path = Movie.swift; sourceTree = "<group>"; };
		26867C8F26B15C1C00C69231 /* MovieURLs.swift */ = {isa = PBXFileReference; lastKnownFileType = sourcecode.swift; path = MovieURLs.swift; sourceTree = "<group>"; };
		26867C9326B15C3F00C69231 /* APIService.swift */ = {isa = PBXFileReference; lastKnownFileType = sourcecode.swift; path = APIService.swift; sourceTree = "<group>"; };
		26867C9726B16FC700C69231 /* Keys.plist */ = {isa = PBXFileReference; lastKnownFileType = text.plist.xml; path = Keys.plist; sourceTree = "<group>"; };
		26867C9C26B171BB00C69231 /* APIService+GetMovieByCategory.swift */ = {isa = PBXFileReference; lastKnownFileType = sourcecode.swift; path = "APIService+GetMovieByCategory.swift"; sourceTree = "<group>"; };
		5863F636BC98D6A0BE39F250 /* Pods-MovieDBApp.release.xcconfig */ = {isa = PBXFileReference; includeInIndex = 1; lastKnownFileType = text.xcconfig; name = "Pods-MovieDBApp.release.xcconfig"; path = "Target Support Files/Pods-MovieDBApp/Pods-MovieDBApp.release.xcconfig"; sourceTree = "<group>"; };
/* End PBXFileReference section */

/* Begin PBXFrameworksBuildPhase section */
		26867C2026B1059900C69231 /* Frameworks */ = {
			isa = PBXFrameworksBuildPhase;
			buildActionMask = 2147483647;
			files = (
				D91858F988AA1C4018FBB64C /* Pods_MovieDBApp.framework in Frameworks */,
				267D2A6D26B3AE5000923238 /* RxDataSources in Frameworks */,
			);
			runOnlyForDeploymentPostprocessing = 0;
		};
/* End PBXFrameworksBuildPhase section */

/* Begin PBXGroup section */
		267D2A1826B2F64700923238 /* Extensions */ = {
			isa = PBXGroup;
			children = (
				267D2A1926B2F65700923238 /* UIImageView+Extension.swift */,
				26866FEA26B5285700DAC483 /* UINavigationController+Extension.swift */,
			);
			path = Extensions;
			sourceTree = "<group>";
		};
		267D2A6F26B3E78300923238 /* Utils */ = {
			isa = PBXGroup;
			children = (
				267D2A7026B3E79800923238 /* Constants.swift */,
			);
			path = Utils;
			sourceTree = "<group>";
		};
		26866FDF26B525BF00DAC483 /* DetailMovieScreen */ = {
			isa = PBXGroup;
			children = (
				26866FE526B5277A00DAC483 /* MovieDetailViewController.swift */,
				26866FE626B5277A00DAC483 /* MovieDetailViewController.xib */,
			);
			path = DetailMovieScreen;
			sourceTree = "<group>";
		};
		26867C1A26B1059900C69231 = {
			isa = PBXGroup;
			children = (
				26867C2526B1059900C69231 /* MovieDBApp */,
				26867C2426B1059900C69231 /* Products */,
				BA5464DBDF7EEBB2D85D067E /* Pods */,
				FE9EA28F7854C19BE512DE23 /* Frameworks */,
			);
			sourceTree = "<group>";
		};
		26867C2426B1059900C69231 /* Products */ = {
			isa = PBXGroup;
			children = (
				26867C2326B1059900C69231 /* MovieDBApp.app */,
			);
			name = Products;
			sourceTree = "<group>";
		};
		26867C2526B1059900C69231 /* MovieDBApp */ = {
			isa = PBXGroup;
			children = (
				267D2A6F26B3E78300923238 /* Utils */,
				267D2A1826B2F64700923238 /* Extensions */,
				26867C4126B107A700C69231 /* Scenes */,
				26867C3E26B1075B00C69231 /* Resource */,
				26867C3D26B1074A00C69231 /* Platform */,
				26867C3C26B106EE00C69231 /* Domain */,
				26867C3B26B1063500C69231 /* AppDelegate */,
				26867C3426B105A500C69231 /* Info.plist */,
				26867C9726B16FC700C69231 /* Keys.plist */,
			);
			path = MovieDBApp;
			sourceTree = "<group>";
		};
		26867C3B26B1063500C69231 /* AppDelegate */ = {
			isa = PBXGroup;
			children = (
				26867C2626B1059900C69231 /* AppDelegate.swift */,
				26867C2826B1059900C69231 /* SceneDelegate.swift */,
			);
			path = AppDelegate;
			sourceTree = "<group>";
		};
		26867C3C26B106EE00C69231 /* Domain */ = {
			isa = PBXGroup;
			children = (
				26867C8826B15BC100C69231 /* Movie.swift */,
				267D2A0826B25AFE00923238 /* MoviesRepository.swift */,
			);
			path = Domain;
			sourceTree = "<group>";
		};
		26867C3D26B1074A00C69231 /* Platform */ = {
			isa = PBXGroup;
			children = (
				26867C8E26B15C0400C69231 /* Services */,
			);
			path = Platform;
			sourceTree = "<group>";
		};
		26867C3E26B1075B00C69231 /* Resource */ = {
			isa = PBXGroup;
			children = (
				26867C2F26B105A500C69231 /* Assets.xcassets */,
				26867C3126B105A500C69231 /* LaunchScreen.storyboard */,
			);
			path = Resource;
			sourceTree = "<group>";
		};
		26867C4126B107A700C69231 /* Scenes */ = {
			isa = PBXGroup;
			children = (
				26866FDF26B525BF00DAC483 /* DetailMovieScreen */,
				26867C7126B13EB900C69231 /* TabBarController */,
				26867C5926B10EE600C69231 /* FavoritesScreen */,
				26867C5826B10EDE00C69231 /* SearchScreen */,
				26867C5726B10ED700C69231 /* HomeScreen */,
			);
			path = Scenes;
			sourceTree = "<group>";
		};
		26867C5726B10ED700C69231 /* HomeScreen */ = {
			isa = PBXGroup;
			children = (
				26867CA126B1AC8F00C69231 /* Cells */,
				267D2A0B26B25C3600923238 /* HomeUseCase.swift */,
				267D2A0E26B25D4700923238 /* HomeViewModel.swift */,
				267D2A2926B3894100923238 /* HomeViewController.swift */,
				267D2A2A26B3894100923238 /* HomeViewController.xib */,
				267D2A7426B400FD00923238 /* MovieSectionModel.swift */,
				2686705E26B78F0100DAC483 /* HomeNavigator.swift */,
			);
			path = HomeScreen;
			sourceTree = "<group>";
		};
		26867C5826B10EDE00C69231 /* SearchScreen */ = {
			isa = PBXGroup;
			children = (
				26867C5F26B10F5A00C69231 /* SearchViewController.swift */,
			);
			path = SearchScreen;
			sourceTree = "<group>";
		};
		26867C5926B10EE600C69231 /* FavoritesScreen */ = {
			isa = PBXGroup;
			children = (
				26867C6226B1101100C69231 /* FavoritesViewController.swift */,
			);
			path = FavoritesScreen;
			sourceTree = "<group>";
		};
		26867C7126B13EB900C69231 /* TabBarController */ = {
			isa = PBXGroup;
			children = (
				26867C7226B13ED100C69231 /* TabBarController.swift */,
			);
			path = TabBarController;
			sourceTree = "<group>";
		};
		26867C8E26B15C0400C69231 /* Services */ = {
			isa = PBXGroup;
			children = (
				26867C9B26B1715900C69231 /* ServicesExtensions */,
				26867C8F26B15C1C00C69231 /* MovieURLs.swift */,
				26867C9326B15C3F00C69231 /* APIService.swift */,
			);
			path = Services;
			sourceTree = "<group>";
		};
		26867C9B26B1715900C69231 /* ServicesExtensions */ = {
			isa = PBXGroup;
			children = (
				26867C9C26B171BB00C69231 /* APIService+GetMovieByCategory.swift */,
			);
			path = ServicesExtensions;
			sourceTree = "<group>";
		};
		26867CA126B1AC8F00C69231 /* Cells */ = {
			isa = PBXGroup;
			children = (
				267D2A3326B38CF800923238 /* HomeTableViewCell.swift */,
				267D2A3426B38CF800923238 /* HomeTableViewCell.xib */,
				267D2A3A26B3917F00923238 /* HomeCollectionViewCell.swift */,
				267D2A3B26B3917F00923238 /* HomeCollectionViewCell.xib */,
			);
			path = Cells;
			sourceTree = "<group>";
		};
		BA5464DBDF7EEBB2D85D067E /* Pods */ = {
			isa = PBXGroup;
			children = (
				1EDC53EE300F721F6AEEF081 /* Pods-MovieDBApp.debug.xcconfig */,
				5863F636BC98D6A0BE39F250 /* Pods-MovieDBApp.release.xcconfig */,
			);
			path = Pods;
			sourceTree = "<group>";
		};
		FE9EA28F7854C19BE512DE23 /* Frameworks */ = {
			isa = PBXGroup;
			children = (
				0439BC207CCAA3D7222B5DFD /* Pods_MovieDBApp.framework */,
			);
			name = Frameworks;
			sourceTree = "<group>";
		};
/* End PBXGroup section */

/* Begin PBXNativeTarget section */
		26867C2226B1059900C69231 /* MovieDBApp */ = {
			isa = PBXNativeTarget;
			buildConfigurationList = 26867C3726B105A500C69231 /* Build configuration list for PBXNativeTarget "MovieDBApp" */;
			buildPhases = (
				BA7FC692A926AD9198C6FF0B /* [CP] Check Pods Manifest.lock */,
				26867C1F26B1059900C69231 /* Sources */,
				26867C2026B1059900C69231 /* Frameworks */,
				26867C2126B1059900C69231 /* Resources */,
				0C70F7383EBAC16F77674CE9 /* [CP] Embed Pods Frameworks */,
			);
			buildRules = (
			);
			dependencies = (
			);
			name = MovieDBApp;
			packageProductDependencies = (
				267D2A6C26B3AE5000923238 /* RxDataSources */,
			);
			productName = MovieDBApp;
			productReference = 26867C2326B1059900C69231 /* MovieDBApp.app */;
			productType = "com.apple.product-type.application";
		};
/* End PBXNativeTarget section */

/* Begin PBXProject section */
		26867C1B26B1059900C69231 /* Project object */ = {
			isa = PBXProject;
			attributes = {
				LastSwiftUpdateCheck = 1240;
				LastUpgradeCheck = 1240;
				TargetAttributes = {
					26867C2226B1059900C69231 = {
						CreatedOnToolsVersion = 12.4;
					};
				};
			};
			buildConfigurationList = 26867C1E26B1059900C69231 /* Build configuration list for PBXProject "MovieDBApp" */;
			compatibilityVersion = "Xcode 9.3";
			developmentRegion = en;
			hasScannedForEncodings = 0;
			knownRegions = (
				en,
				Base,
			);
			mainGroup = 26867C1A26B1059900C69231;
			packageReferences = (
				267D2A6B26B3AE5000923238 /* XCRemoteSwiftPackageReference "RxDataSources" */,
			);
			productRefGroup = 26867C2426B1059900C69231 /* Products */;
			projectDirPath = "";
			projectRoot = "";
			targets = (
				26867C2226B1059900C69231 /* MovieDBApp */,
			);
		};
/* End PBXProject section */

/* Begin PBXResourcesBuildPhase section */
		26867C2126B1059900C69231 /* Resources */ = {
			isa = PBXResourcesBuildPhase;
			buildActionMask = 2147483647;
			files = (
				26866FE826B5277A00DAC483 /* MovieDetailViewController.xib in Resources */,
				26867C9826B16FC700C69231 /* Keys.plist in Resources */,
				267D2A3D26B3917F00923238 /* HomeCollectionViewCell.xib in Resources */,
				26867C3326B105A500C69231 /* LaunchScreen.storyboard in Resources */,
				26867C3026B105A500C69231 /* Assets.xcassets in Resources */,
				267D2A3626B38CF800923238 /* HomeTableViewCell.xib in Resources */,
				267D2A2C26B3894100923238 /* HomeViewController.xib in Resources */,
			);
			runOnlyForDeploymentPostprocessing = 0;
		};
/* End PBXResourcesBuildPhase section */

/* Begin PBXShellScriptBuildPhase section */
		0C70F7383EBAC16F77674CE9 /* [CP] Embed Pods Frameworks */ = {
			isa = PBXShellScriptBuildPhase;
			buildActionMask = 2147483647;
			files = (
			);
			inputFileListPaths = (
				"${PODS_ROOT}/Target Support Files/Pods-MovieDBApp/Pods-MovieDBApp-frameworks-${CONFIGURATION}-input-files.xcfilelist",
			);
			name = "[CP] Embed Pods Frameworks";
			outputFileListPaths = (
				"${PODS_ROOT}/Target Support Files/Pods-MovieDBApp/Pods-MovieDBApp-frameworks-${CONFIGURATION}-output-files.xcfilelist",
			);
			runOnlyForDeploymentPostprocessing = 0;
			shellPath = /bin/sh;
			shellScript = "\"${PODS_ROOT}/Target Support Files/Pods-MovieDBApp/Pods-MovieDBApp-frameworks.sh\"\n";
			showEnvVarsInLog = 0;
		};
		BA7FC692A926AD9198C6FF0B /* [CP] Check Pods Manifest.lock */ = {
			isa = PBXShellScriptBuildPhase;
			buildActionMask = 2147483647;
			files = (
			);
			inputFileListPaths = (
			);
			inputPaths = (
				"${PODS_PODFILE_DIR_PATH}/Podfile.lock",
				"${PODS_ROOT}/Manifest.lock",
			);
			name = "[CP] Check Pods Manifest.lock";
			outputFileListPaths = (
			);
			outputPaths = (
				"$(DERIVED_FILE_DIR)/Pods-MovieDBApp-checkManifestLockResult.txt",
			);
			runOnlyForDeploymentPostprocessing = 0;
			shellPath = /bin/sh;
			shellScript = "diff \"${PODS_PODFILE_DIR_PATH}/Podfile.lock\" \"${PODS_ROOT}/Manifest.lock\" > /dev/null\nif [ $? != 0 ] ; then\n    # print error to STDERR\n    echo \"error: The sandbox is not in sync with the Podfile.lock. Run 'pod install' or update your CocoaPods installation.\" >&2\n    exit 1\nfi\n# This output is used by Xcode 'outputs' to avoid re-running this script phase.\necho \"SUCCESS\" > \"${SCRIPT_OUTPUT_FILE_0}\"\n";
			showEnvVarsInLog = 0;
		};
/* End PBXShellScriptBuildPhase section */

/* Begin PBXSourcesBuildPhase section */
		26867C1F26B1059900C69231 /* Sources */ = {
			isa = PBXSourcesBuildPhase;
			buildActionMask = 2147483647;
			files = (
				267D2A0926B25AFE00923238 /* MoviesRepository.swift in Sources */,
				267D2A7126B3E79800923238 /* Constants.swift in Sources */,
				26867C8926B15BC100C69231 /* Movie.swift in Sources */,
				26867C9026B15C1C00C69231 /* MovieURLs.swift in Sources */,
				2686705F26B78F0100DAC483 /* HomeNavigator.swift in Sources */,
				26867C6026B10F5A00C69231 /* SearchViewController.swift in Sources */,
				26867C2726B1059900C69231 /* AppDelegate.swift in Sources */,
				26867C2926B1059900C69231 /* SceneDelegate.swift in Sources */,
				26867C9D26B171BB00C69231 /* APIService+GetMovieByCategory.swift in Sources */,
				26866FEB26B5285700DAC483 /* UINavigationController+Extension.swift in Sources */,
				267D2A3C26B3917F00923238 /* HomeCollectionViewCell.swift in Sources */,
				267D2A0C26B25C3600923238 /* HomeUseCase.swift in Sources */,
				26867C9426B15C3F00C69231 /* APIService.swift in Sources */,
				267D2A1A26B2F65700923238 /* UIImageView+Extension.swift in Sources */,
				267D2A7526B400FD00923238 /* MovieSectionModel.swift in Sources */,
				26866FE726B5277A00DAC483 /* MovieDetailViewController.swift in Sources */,
				267D2A2B26B3894100923238 /* HomeViewController.swift in Sources */,
				26867C7326B13ED100C69231 /* TabBarController.swift in Sources */,
				26867C6326B1101100C69231 /* FavoritesViewController.swift in Sources */,
				267D2A3526B38CF800923238 /* HomeTableViewCell.swift in Sources */,
				267D2A0F26B25D4700923238 /* HomeViewModel.swift in Sources */,
			);
			runOnlyForDeploymentPostprocessing = 0;
		};
/* End PBXSourcesBuildPhase section */

/* Begin PBXVariantGroup section */
		26867C3126B105A500C69231 /* LaunchScreen.storyboard */ = {
			isa = PBXVariantGroup;
			children = (
				26867C3226B105A500C69231 /* Base */,
			);
			name = LaunchScreen.storyboard;
			sourceTree = "<group>";
		};
/* End PBXVariantGroup section */

/* Begin XCBuildConfiguration section */
		26867C3526B105A500C69231 /* Debug */ = {
			isa = XCBuildConfiguration;
			buildSettings = {
				ALWAYS_SEARCH_USER_PATHS = NO;
				CLANG_ANALYZER_NONNULL = YES;
				CLANG_ANALYZER_NUMBER_OBJECT_CONVERSION = YES_AGGRESSIVE;
				CLANG_CXX_LANGUAGE_STANDARD = "gnu++14";
				CLANG_CXX_LIBRARY = "libc++";
				CLANG_ENABLE_MODULES = YES;
				CLANG_ENABLE_OBJC_ARC = YES;
				CLANG_ENABLE_OBJC_WEAK = YES;
				CLANG_WARN_BLOCK_CAPTURE_AUTORELEASING = YES;
				CLANG_WARN_BOOL_CONVERSION = YES;
				CLANG_WARN_COMMA = YES;
				CLANG_WARN_CONSTANT_CONVERSION = YES;
				CLANG_WARN_DEPRECATED_OBJC_IMPLEMENTATIONS = YES;
				CLANG_WARN_DIRECT_OBJC_ISA_USAGE = YES_ERROR;
				CLANG_WARN_DOCUMENTATION_COMMENTS = YES;
				CLANG_WARN_EMPTY_BODY = YES;
				CLANG_WARN_ENUM_CONVERSION = YES;
				CLANG_WARN_INFINITE_RECURSION = YES;
				CLANG_WARN_INT_CONVERSION = YES;
				CLANG_WARN_NON_LITERAL_NULL_CONVERSION = YES;
				CLANG_WARN_OBJC_IMPLICIT_RETAIN_SELF = YES;
				CLANG_WARN_OBJC_LITERAL_CONVERSION = YES;
				CLANG_WARN_OBJC_ROOT_CLASS = YES_ERROR;
				CLANG_WARN_QUOTED_INCLUDE_IN_FRAMEWORK_HEADER = YES;
				CLANG_WARN_RANGE_LOOP_ANALYSIS = YES;
				CLANG_WARN_STRICT_PROTOTYPES = YES;
				CLANG_WARN_SUSPICIOUS_MOVE = YES;
				CLANG_WARN_UNGUARDED_AVAILABILITY = YES_AGGRESSIVE;
				CLANG_WARN_UNREACHABLE_CODE = YES;
				CLANG_WARN__DUPLICATE_METHOD_MATCH = YES;
				COPY_PHASE_STRIP = NO;
				DEBUG_INFORMATION_FORMAT = dwarf;
				ENABLE_STRICT_OBJC_MSGSEND = YES;
				ENABLE_TESTABILITY = YES;
				GCC_C_LANGUAGE_STANDARD = gnu11;
				GCC_DYNAMIC_NO_PIC = NO;
				GCC_NO_COMMON_BLOCKS = YES;
				GCC_OPTIMIZATION_LEVEL = 0;
				GCC_PREPROCESSOR_DEFINITIONS = (
					"DEBUG=1",
					"$(inherited)",
				);
				GCC_WARN_64_TO_32_BIT_CONVERSION = YES;
				GCC_WARN_ABOUT_RETURN_TYPE = YES_ERROR;
				GCC_WARN_UNDECLARED_SELECTOR = YES;
				GCC_WARN_UNINITIALIZED_AUTOS = YES_AGGRESSIVE;
				GCC_WARN_UNUSED_FUNCTION = YES;
				GCC_WARN_UNUSED_VARIABLE = YES;
				IPHONEOS_DEPLOYMENT_TARGET = 14.4;
				MTL_ENABLE_DEBUG_INFO = INCLUDE_SOURCE;
				MTL_FAST_MATH = YES;
				ONLY_ACTIVE_ARCH = YES;
				SDKROOT = iphoneos;
				SWIFT_ACTIVE_COMPILATION_CONDITIONS = DEBUG;
				SWIFT_OPTIMIZATION_LEVEL = "-Onone";
			};
			name = Debug;
		};
		26867C3626B105A500C69231 /* Release */ = {
			isa = XCBuildConfiguration;
			buildSettings = {
				ALWAYS_SEARCH_USER_PATHS = NO;
				CLANG_ANALYZER_NONNULL = YES;
				CLANG_ANALYZER_NUMBER_OBJECT_CONVERSION = YES_AGGRESSIVE;
				CLANG_CXX_LANGUAGE_STANDARD = "gnu++14";
				CLANG_CXX_LIBRARY = "libc++";
				CLANG_ENABLE_MODULES = YES;
				CLANG_ENABLE_OBJC_ARC = YES;
				CLANG_ENABLE_OBJC_WEAK = YES;
				CLANG_WARN_BLOCK_CAPTURE_AUTORELEASING = YES;
				CLANG_WARN_BOOL_CONVERSION = YES;
				CLANG_WARN_COMMA = YES;
				CLANG_WARN_CONSTANT_CONVERSION = YES;
				CLANG_WARN_DEPRECATED_OBJC_IMPLEMENTATIONS = YES;
				CLANG_WARN_DIRECT_OBJC_ISA_USAGE = YES_ERROR;
				CLANG_WARN_DOCUMENTATION_COMMENTS = YES;
				CLANG_WARN_EMPTY_BODY = YES;
				CLANG_WARN_ENUM_CONVERSION = YES;
				CLANG_WARN_INFINITE_RECURSION = YES;
				CLANG_WARN_INT_CONVERSION = YES;
				CLANG_WARN_NON_LITERAL_NULL_CONVERSION = YES;
				CLANG_WARN_OBJC_IMPLICIT_RETAIN_SELF = YES;
				CLANG_WARN_OBJC_LITERAL_CONVERSION = YES;
				CLANG_WARN_OBJC_ROOT_CLASS = YES_ERROR;
				CLANG_WARN_QUOTED_INCLUDE_IN_FRAMEWORK_HEADER = YES;
				CLANG_WARN_RANGE_LOOP_ANALYSIS = YES;
				CLANG_WARN_STRICT_PROTOTYPES = YES;
				CLANG_WARN_SUSPICIOUS_MOVE = YES;
				CLANG_WARN_UNGUARDED_AVAILABILITY = YES_AGGRESSIVE;
				CLANG_WARN_UNREACHABLE_CODE = YES;
				CLANG_WARN__DUPLICATE_METHOD_MATCH = YES;
				COPY_PHASE_STRIP = NO;
				DEBUG_INFORMATION_FORMAT = "dwarf-with-dsym";
				ENABLE_NS_ASSERTIONS = NO;
				ENABLE_STRICT_OBJC_MSGSEND = YES;
				GCC_C_LANGUAGE_STANDARD = gnu11;
				GCC_NO_COMMON_BLOCKS = YES;
				GCC_WARN_64_TO_32_BIT_CONVERSION = YES;
				GCC_WARN_ABOUT_RETURN_TYPE = YES_ERROR;
				GCC_WARN_UNDECLARED_SELECTOR = YES;
				GCC_WARN_UNINITIALIZED_AUTOS = YES_AGGRESSIVE;
				GCC_WARN_UNUSED_FUNCTION = YES;
				GCC_WARN_UNUSED_VARIABLE = YES;
				IPHONEOS_DEPLOYMENT_TARGET = 14.4;
				MTL_ENABLE_DEBUG_INFO = NO;
				MTL_FAST_MATH = YES;
				SDKROOT = iphoneos;
				SWIFT_COMPILATION_MODE = wholemodule;
				SWIFT_OPTIMIZATION_LEVEL = "-O";
				VALIDATE_PRODUCT = YES;
			};
			name = Release;
		};
		26867C3826B105A500C69231 /* Debug */ = {
			isa = XCBuildConfiguration;
			baseConfigurationReference = 1EDC53EE300F721F6AEEF081 /* Pods-MovieDBApp.debug.xcconfig */;
			buildSettings = {
				ASSETCATALOG_COMPILER_APPICON_NAME = AppIcon;
				ASSETCATALOG_COMPILER_GLOBAL_ACCENT_COLOR_NAME = AccentColor;
				CODE_SIGN_STYLE = Automatic;
				INFOPLIST_FILE = MovieDBApp/Info.plist;
				LD_RUNPATH_SEARCH_PATHS = (
					"$(inherited)",
					"@executable_path/Frameworks",
				);
				PRODUCT_BUNDLE_IDENTIFIER = com.phongle.MovieDBApp;
				PRODUCT_NAME = "$(TARGET_NAME)";
				SWIFT_OBJC_BRIDGING_HEADER = "";
				SWIFT_VERSION = 5.0;
				TARGETED_DEVICE_FAMILY = "1,2";
				USER_HEADER_SEARCH_PATHS = "";
			};
			name = Debug;
		};
		26867C3926B105A500C69231 /* Release */ = {
			isa = XCBuildConfiguration;
			baseConfigurationReference = 5863F636BC98D6A0BE39F250 /* Pods-MovieDBApp.release.xcconfig */;
			buildSettings = {
				ASSETCATALOG_COMPILER_APPICON_NAME = AppIcon;
				ASSETCATALOG_COMPILER_GLOBAL_ACCENT_COLOR_NAME = AccentColor;
				CODE_SIGN_STYLE = Automatic;
				INFOPLIST_FILE = MovieDBApp/Info.plist;
				LD_RUNPATH_SEARCH_PATHS = (
					"$(inherited)",
					"@executable_path/Frameworks",
				);
				PRODUCT_BUNDLE_IDENTIFIER = com.phongle.MovieDBApp;
				PRODUCT_NAME = "$(TARGET_NAME)";
				SWIFT_OBJC_BRIDGING_HEADER = "";
				SWIFT_VERSION = 5.0;
				TARGETED_DEVICE_FAMILY = "1,2";
				USER_HEADER_SEARCH_PATHS = "";
			};
			name = Release;
		};
/* End XCBuildConfiguration section */

/* Begin XCConfigurationList section */
		26867C1E26B1059900C69231 /* Build configuration list for PBXProject "MovieDBApp" */ = {
			isa = XCConfigurationList;
			buildConfigurations = (
				26867C3526B105A500C69231 /* Debug */,
				26867C3626B105A500C69231 /* Release */,
			);
			defaultConfigurationIsVisible = 0;
			defaultConfigurationName = Release;
		};
		26867C3726B105A500C69231 /* Build configuration list for PBXNativeTarget "MovieDBApp" */ = {
			isa = XCConfigurationList;
			buildConfigurations = (
				26867C3826B105A500C69231 /* Debug */,
				26867C3926B105A500C69231 /* Release */,
			);
			defaultConfigurationIsVisible = 0;
			defaultConfigurationName = Release;
		};
/* End XCConfigurationList section */

/* Begin XCRemoteSwiftPackageReference section */
		267D2A6B26B3AE5000923238 /* XCRemoteSwiftPackageReference "RxDataSources" */ = {
			isa = XCRemoteSwiftPackageReference;
			repositoryURL = "https://github.com/RxSwiftCommunity/RxDataSources.git";
			requirement = {
				kind = upToNextMajorVersion;
				minimumVersion = 5.0.1;
			};
		};
/* End XCRemoteSwiftPackageReference section */

/* Begin XCSwiftPackageProductDependency section */
		267D2A6C26B3AE5000923238 /* RxDataSources */ = {
			isa = XCSwiftPackageProductDependency;
			package = 267D2A6B26B3AE5000923238 /* XCRemoteSwiftPackageReference "RxDataSources" */;
			productName = RxDataSources;
		};
/* End XCSwiftPackageProductDependency section */
	};
	rootObject = 26867C1B26B1059900C69231 /* Project object */;
}
